
Microsoft Visual Studio Solution File, Format Version 12.00
# Visual Studio Version 17
VisualStudioVersion = 17.2.32526.322
MinimumVisualStudioVersion = 10.0.40219.1
Project("{FAE04EC0-301F-11D3-BF4B-00C04F79EFBC}") = "Kadai1-1", "Kadai1-1\Kadai1-1.csproj", "{254F5E90-3657-4DF7-A3ED-1F238D65D9DE}"
EndProject
Global
	GlobalSection(SolutionConfigurationPlatforms) = preSolution
		Debug|Any CPU = Debug|Any CPU
		Release|Any CPU = Release|Any CPU
	EndGlobalSection
	GlobalSection(ProjectConfigurationPlatforms) = postSolution
		{254F5E90-3657-4DF7-A3ED-1F238D65D9DE}.Debug|Any CPU.ActiveCfg = Debug|Any CPU
		{254F5E90-3657-4DF7-A3ED-1F238D65D9DE}.Debug|Any CPU.Build.0 = Debug|Any CPU
		{254F5E90-3657-4DF7-A3ED-1F238D65D9DE}.Release|Any CPU.ActiveCfg = Release|Any CPU
		{254F5E90-3657-4DF7-A3ED-1F238D65D9DE}.Release|Any CPU.Build.0 = Release|Any CPU
	EndGlobalSection
	GlobalSection(SolutionProperties) = preSolution
		HideSolutionNode = FALSE
	EndGlobalSection
	GlobalSection(ExtensibilityGlobals) = postSolution
		SolutionGuid = {0BBE48E7-5A0D-4BAD-A560-0ACB75FBCB04}
	EndGlobalSection
EndGlobal
