
Microsoft Visual Studio Solution File, Format Version 12.00
# Visual Studio Version 17
VisualStudioVersion = 17.2.32526.322
MinimumVisualStudioVersion = 10.0.40219.1
Project("{FAE04EC0-301F-11D3-BF4B-00C04F79EFBC}") = "Kadai3-2", "Kadai3-2\Kadai3-2.csproj", "{A1B4387D-D903-4183-8EF0-8C280AF11332}"
EndProject
Global
	GlobalSection(SolutionConfigurationPlatforms) = preSolution
		Debug|Any CPU = Debug|Any CPU
		Release|Any CPU = Release|Any CPU
	EndGlobalSection
	GlobalSection(ProjectConfigurationPlatforms) = postSolution
		{A1B4387D-D903-4183-8EF0-8C280AF11332}.Debug|Any CPU.ActiveCfg = Debug|Any CPU
		{A1B4387D-D903-4183-8EF0-8C280AF11332}.Debug|Any CPU.Build.0 = Debug|Any CPU
		{A1B4387D-D903-4183-8EF0-8C280AF11332}.Release|Any CPU.ActiveCfg = Release|Any CPU
		{A1B4387D-D903-4183-8EF0-8C280AF11332}.Release|Any CPU.Build.0 = Release|Any CPU
	EndGlobalSection
	GlobalSection(SolutionProperties) = preSolution
		HideSolutionNode = FALSE
	EndGlobalSection
	GlobalSection(ExtensibilityGlobals) = postSolution
		SolutionGuid = {2BD17F6B-4C55-482B-961B-C56A03C512EB}
	EndGlobalSection
EndGlobal
