
Microsoft Visual Studio Solution File, Format Version 12.00
# Visual Studio Version 17
VisualStudioVersion = 17.2.32526.322
MinimumVisualStudioVersion = 10.0.40219.1
Project("{FAE04EC0-301F-11D3-BF4B-00C04F79EFBC}") = "Kadai4-1", "Kadai4-1\Kadai4-1.csproj", "{ABB843E5-3707-4E2D-A115-37A1CA36B474}"
EndProject
Global
	GlobalSection(SolutionConfigurationPlatforms) = preSolution
		Debug|Any CPU = Debug|Any CPU
		Release|Any CPU = Release|Any CPU
	EndGlobalSection
	GlobalSection(ProjectConfigurationPlatforms) = postSolution
		{ABB843E5-3707-4E2D-A115-37A1CA36B474}.Debug|Any CPU.ActiveCfg = Debug|Any CPU
		{ABB843E5-3707-4E2D-A115-37A1CA36B474}.Debug|Any CPU.Build.0 = Debug|Any CPU
		{ABB843E5-3707-4E2D-A115-37A1CA36B474}.Release|Any CPU.ActiveCfg = Release|Any CPU
		{ABB843E5-3707-4E2D-A115-37A1CA36B474}.Release|Any CPU.Build.0 = Release|Any CPU
	EndGlobalSection
	GlobalSection(SolutionProperties) = preSolution
		HideSolutionNode = FALSE
	EndGlobalSection
	GlobalSection(ExtensibilityGlobals) = postSolution
		SolutionGuid = {5589E6E4-E8ED-40BD-8971-61E35A60AF40}
	EndGlobalSection
EndGlobal
